
Microsoft Visual Studio Solution File, Format Version 12.00
# Visual Studio 15
VisualStudioVersion = 15.0.28307.489
MinimumVisualStudioVersion = 10.0.40219.1
Project("{FAE04EC0-301F-11D3-BF4B-00C04F79EFBC}") = "BattleshipsClient", "BattleshipsClient\BattleshipsClient.csproj", "{15B79A33-1392-489D-87E0-3272D64D292B}"
	ProjectSection(ProjectDependencies) = postProject
		{9E01C4C2-44E3-4953-A2F7-277F639E8D5D} = {9E01C4C2-44E3-4953-A2F7-277F639E8D5D}
	EndProjectSection
EndProject
Project("{FAE04EC0-301F-11D3-BF4B-00C04F79EFBC}") = "BattleshipsServer", "BattleshipsServer\BattleshipsServer.csproj", "{F1BD1B09-A48F-401E-9457-6D08F5A8D210}"
	ProjectSection(ProjectDependencies) = postProject
		{9E01C4C2-44E3-4953-A2F7-277F639E8D5D} = {9E01C4C2-44E3-4953-A2F7-277F639E8D5D}
	EndProjectSection
EndProject
Project("{FAE04EC0-301F-11D3-BF4B-00C04F79EFBC}") = "BattleshipsLibrary", "BattleshipsLibrary\BattleshipsLibrary.csproj", "{9E01C4C2-44E3-4953-A2F7-277F639E8D5D}"
EndProject
Global
	GlobalSection(SolutionConfigurationPlatforms) = preSolution
		Debug|Any CPU = Debug|Any CPU
		Release|Any CPU = Release|Any CPU
	EndGlobalSection
	GlobalSection(ProjectConfigurationPlatforms) = postSolution
		{15B79A33-1392-489D-87E0-3272D64D292B}.Debug|Any CPU.ActiveCfg = Debug|Any CPU
		{15B79A33-1392-489D-87E0-3272D64D292B}.Debug|Any CPU.Build.0 = Debug|Any CPU
		{15B79A33-1392-489D-87E0-3272D64D292B}.Release|Any CPU.ActiveCfg = Release|Any CPU
		{15B79A33-1392-489D-87E0-3272D64D292B}.Release|Any CPU.Build.0 = Release|Any CPU
		{F1BD1B09-A48F-401E-9457-6D08F5A8D210}.Debug|Any CPU.ActiveCfg = Debug|Any CPU
		{F1BD1B09-A48F-401E-9457-6D08F5A8D210}.Debug|Any CPU.Build.0 = Debug|Any CPU
		{F1BD1B09-A48F-401E-9457-6D08F5A8D210}.Release|Any CPU.ActiveCfg = Release|Any CPU
		{F1BD1B09-A48F-401E-9457-6D08F5A8D210}.Release|Any CPU.Build.0 = Release|Any CPU
		{9E01C4C2-44E3-4953-A2F7-277F639E8D5D}.Debug|Any CPU.ActiveCfg = Debug|Any CPU
		{9E01C4C2-44E3-4953-A2F7-277F639E8D5D}.Debug|Any CPU.Build.0 = Debug|Any CPU
		{9E01C4C2-44E3-4953-A2F7-277F639E8D5D}.Release|Any CPU.ActiveCfg = Release|Any CPU
		{9E01C4C2-44E3-4953-A2F7-277F639E8D5D}.Release|Any CPU.Build.0 = Release|Any CPU
	EndGlobalSection
	GlobalSection(SolutionProperties) = preSolution
		HideSolutionNode = FALSE
	EndGlobalSection
	GlobalSection(ExtensibilityGlobals) = postSolution
		SolutionGuid = {3D75FF75-EE41-4B44-9375-E0819BC6201B}
	EndGlobalSection
EndGlobal
